
Microsoft Visual Studio Solution File, Format Version 10.00
# Visual Studio 2008
Project("{8BC9CEB8-8B4A-11D0-8D11-00A0C91BC942}") = "magame", "magame.vcproj", "{FCE8CE33-6959-4104-93AC-51BE67BE4C2A}"
EndProject
Global
	GlobalSection(SolutionConfigurationPlatforms) = preSolution
		Debug|Win32 = Debug|Win32
		Release|Win32 = Release|Win32
	EndGlobalSection
	GlobalSection(ProjectConfigurationPlatforms) = postSolution
		{FCE8CE33-6959-4104-93AC-51BE67BE4C2A}.Debug|Win32.ActiveCfg = Debug|Win32
		{FCE8CE33-6959-4104-93AC-51BE67BE4C2A}.Debug|Win32.Build.0 = Debug|Win32
		{FCE8CE33-6959-4104-93AC-51BE67BE4C2A}.Release|Win32.ActiveCfg = Release|Win32
		{FCE8CE33-6959-4104-93AC-51BE67BE4C2A}.Release|Win32.Build.0 = Release|Win32
	EndGlobalSection
	GlobalSection(SolutionProperties) = preSolution
		HideSolutionNode = FALSE
	EndGlobalSection
EndGlobal
